
Microsoft Visual Studio Solution File, Format Version 12.00
# Visual Studio Version 17
VisualStudioVersion = 17.1.32228.430
MinimumVisualStudioVersion = 10.0.40219.1
Project("{FAE04EC0-301F-11D3-BF4B-00C04F79EFBC}") = "ProjApiRest29-03-2022", "ProjApiRest29-03-2022\ProjApiRest29-03-2022.csproj", "{38A0E1FA-BDF2-4BB1-B1BF-710EBC3F92E5}"
EndProject
Global
	GlobalSection(SolutionConfigurationPlatforms) = preSolution
		Debug|Any CPU = Debug|Any CPU
		Release|Any CPU = Release|Any CPU
	EndGlobalSection
	GlobalSection(ProjectConfigurationPlatforms) = postSolution
		{38A0E1FA-BDF2-4BB1-B1BF-710EBC3F92E5}.Debug|Any CPU.ActiveCfg = Debug|Any CPU
		{38A0E1FA-BDF2-4BB1-B1BF-710EBC3F92E5}.Debug|Any CPU.Build.0 = Debug|Any CPU
		{38A0E1FA-BDF2-4BB1-B1BF-710EBC3F92E5}.Release|Any CPU.ActiveCfg = Release|Any CPU
		{38A0E1FA-BDF2-4BB1-B1BF-710EBC3F92E5}.Release|Any CPU.Build.0 = Release|Any CPU
	EndGlobalSection
	GlobalSection(SolutionProperties) = preSolution
		HideSolutionNode = FALSE
	EndGlobalSection
	GlobalSection(ExtensibilityGlobals) = postSolution
		SolutionGuid = {DA97225C-15D9-4FEF-93D5-7E0AE021D2C0}
	EndGlobalSection
EndGlobal
